
Microsoft Visual Studio Solution File, Format Version 12.00
# Visual Studio 2017
Project("{FAE04EC0-301F-11D3-BF4B-00C04F79EFBC}") = "FireFighter", "FireFighter.csproj", "{C306EFB4-3543-EB04-D154-B8A0B229AFC6}"
EndProject
Project("{FAE04EC0-301F-11D3-BF4B-00C04F79EFBC}") = "FireFighter.Editor", "FireFighter.Editor.csproj", "{1C314182-CF65-0FB8-D98C-30B921523288}"
EndProject
Global
	GlobalSection(SolutionConfigurationPlatforms) = preSolution
		Debug|Any CPU = Debug|Any CPU
		Release|Any CPU = Release|Any CPU
	EndGlobalSection
	GlobalSection(ProjectConfigurationPlatforms) = postSolution
		{C306EFB4-3543-EB04-D154-B8A0B229AFC6}.Debug|Any CPU.ActiveCfg = Debug|Any CPU
		{C306EFB4-3543-EB04-D154-B8A0B229AFC6}.Debug|Any CPU.Build.0 = Debug|Any CPU
		{C306EFB4-3543-EB04-D154-B8A0B229AFC6}.Release|Any CPU.ActiveCfg = Release|Any CPU
		{C306EFB4-3543-EB04-D154-B8A0B229AFC6}.Release|Any CPU.Build.0 = Release|Any CPU
		{1C314182-CF65-0FB8-D98C-30B921523288}.Debug|Any CPU.ActiveCfg = Debug|Any CPU
		{1C314182-CF65-0FB8-D98C-30B921523288}.Debug|Any CPU.Build.0 = Debug|Any CPU
		{1C314182-CF65-0FB8-D98C-30B921523288}.Release|Any CPU.ActiveCfg = Release|Any CPU
		{1C314182-CF65-0FB8-D98C-30B921523288}.Release|Any CPU.Build.0 = Release|Any CPU
	EndGlobalSection
	GlobalSection(SolutionProperties) = preSolution
		HideSolutionNode = FALSE
	EndGlobalSection
EndGlobal
